
Microsoft Visual Studio Solution File, Format Version 12.00
# Visual Studio Version 16
VisualStudioVersion = 16.0.31019.35
MinimumVisualStudioVersion = 10.0.40219.1
Project("{FAE04EC0-301F-11D3-BF4B-00C04F79EFBC}") = "MyDictionary", "MyDictionary.csproj", "{6A3D5610-9B0A-4207-A5A1-156445FDCF6C}"
EndProject
Global
	GlobalSection(SolutionConfigurationPlatforms) = preSolution
		Debug|Any CPU = Debug|Any CPU
		Release|Any CPU = Release|Any CPU
	EndGlobalSection
	GlobalSection(ProjectConfigurationPlatforms) = postSolution
		{6A3D5610-9B0A-4207-A5A1-156445FDCF6C}.Debug|Any CPU.ActiveCfg = Debug|Any CPU
		{6A3D5610-9B0A-4207-A5A1-156445FDCF6C}.Debug|Any CPU.Build.0 = Debug|Any CPU
		{6A3D5610-9B0A-4207-A5A1-156445FDCF6C}.Release|Any CPU.ActiveCfg = Release|Any CPU
		{6A3D5610-9B0A-4207-A5A1-156445FDCF6C}.Release|Any CPU.Build.0 = Release|Any CPU
	EndGlobalSection
	GlobalSection(SolutionProperties) = preSolution
		HideSolutionNode = FALSE
	EndGlobalSection
	GlobalSection(ExtensibilityGlobals) = postSolution
		SolutionGuid = {51D90286-BB59-4138-B792-072B0591D935}
	EndGlobalSection
EndGlobal
